
Microsoft Visual Studio Solution File, Format Version 12.00
# Visual Studio Version 16
VisualStudioVersion = 16.0.29613.14
MinimumVisualStudioVersion = 10.0.40219.1
Project("{FAE04EC0-301F-11D3-BF4B-00C04F79EFBC}") = "LinqToEntities", "LinqToEntities\LinqToEntities.csproj", "{0F250E60-B29E-4F57-B775-A055F169F2E3}"
EndProject
Global
	GlobalSection(SolutionConfigurationPlatforms) = preSolution
		Debug|Any CPU = Debug|Any CPU
		Release|Any CPU = Release|Any CPU
	EndGlobalSection
	GlobalSection(ProjectConfigurationPlatforms) = postSolution
		{0F250E60-B29E-4F57-B775-A055F169F2E3}.Debug|Any CPU.ActiveCfg = Debug|Any CPU
		{0F250E60-B29E-4F57-B775-A055F169F2E3}.Debug|Any CPU.Build.0 = Debug|Any CPU
		{0F250E60-B29E-4F57-B775-A055F169F2E3}.Release|Any CPU.ActiveCfg = Release|Any CPU
		{0F250E60-B29E-4F57-B775-A055F169F2E3}.Release|Any CPU.Build.0 = Release|Any CPU
	EndGlobalSection
	GlobalSection(SolutionProperties) = preSolution
		HideSolutionNode = FALSE
	EndGlobalSection
	GlobalSection(ExtensibilityGlobals) = postSolution
		SolutionGuid = {84A1C903-407E-4ED6-BE49-16078A925C89}
	EndGlobalSection
EndGlobal
